
Microsoft Visual Studio Solution File, Format Version 12.00
# Visual Studio Version 16
VisualStudioVersion = 16.0.29123.88
MinimumVisualStudioVersion = 10.0.40219.1
Project("{FAE04EC0-301F-11D3-BF4B-00C04F79EFBC}") = "MassAddress", "MassAddress\MassAddress.csproj", "{93075457-7EEA-4064-9B05-1BE1A0C35546}"
EndProject
Global
	GlobalSection(SolutionConfigurationPlatforms) = preSolution
		Debug|Any CPU = Debug|Any CPU
		Release|Any CPU = Release|Any CPU
	EndGlobalSection
	GlobalSection(ProjectConfigurationPlatforms) = postSolution
		{93075457-7EEA-4064-9B05-1BE1A0C35546}.Debug|Any CPU.ActiveCfg = Debug|Any CPU
		{93075457-7EEA-4064-9B05-1BE1A0C35546}.Debug|Any CPU.Build.0 = Debug|Any CPU
		{93075457-7EEA-4064-9B05-1BE1A0C35546}.Release|Any CPU.ActiveCfg = Release|Any CPU
		{93075457-7EEA-4064-9B05-1BE1A0C35546}.Release|Any CPU.Build.0 = Release|Any CPU
	EndGlobalSection
	GlobalSection(SolutionProperties) = preSolution
		HideSolutionNode = FALSE
	EndGlobalSection
	GlobalSection(ExtensibilityGlobals) = postSolution
		SolutionGuid = {0115978B-BD9A-472A-B0B6-2697F423F3EB}
	EndGlobalSection
EndGlobal
